
Microsoft Visual Studio Solution File, Format Version 12.00
# Visual Studio 15
VisualStudioVersion = 15.0.28010.2019
MinimumVisualStudioVersion = 10.0.40219.1
Project("{FAE04EC0-301F-11D3-BF4B-00C04F79EFBC}") = "ElectronicsStore.DataAccess", "ElectronicsStore.DataAccess\ElectronicsStore.DataAccess.csproj", "{79849D33-9F00-4A55-A151-F61B498DBA8C}"
EndProject
Project("{FAE04EC0-301F-11D3-BF4B-00C04F79EFBC}") = "ElectronicsStore.Domain", "ElectronicsStore.Domain\ElectronicsStore.Domain.csproj", "{488A8BAB-1D40-4929-9507-1632022006E3}"
EndProject
Project("{FAE04EC0-301F-11D3-BF4B-00C04F79EFBC}") = "ElectronicsStore.Web", "ElectronicsStore.Web\ElectronicsStore.Web.csproj", "{5E2304AA-A2F3-41B9-822F-7B2BF6D33E31}"
EndProject
Global
	GlobalSection(SolutionConfigurationPlatforms) = preSolution
		Debug|Any CPU = Debug|Any CPU
		Release|Any CPU = Release|Any CPU
	EndGlobalSection
	GlobalSection(ProjectConfigurationPlatforms) = postSolution
		{79849D33-9F00-4A55-A151-F61B498DBA8C}.Debug|Any CPU.ActiveCfg = Debug|Any CPU
		{79849D33-9F00-4A55-A151-F61B498DBA8C}.Debug|Any CPU.Build.0 = Debug|Any CPU
		{79849D33-9F00-4A55-A151-F61B498DBA8C}.Release|Any CPU.ActiveCfg = Release|Any CPU
		{79849D33-9F00-4A55-A151-F61B498DBA8C}.Release|Any CPU.Build.0 = Release|Any CPU
		{488A8BAB-1D40-4929-9507-1632022006E3}.Debug|Any CPU.ActiveCfg = Debug|Any CPU
		{488A8BAB-1D40-4929-9507-1632022006E3}.Debug|Any CPU.Build.0 = Debug|Any CPU
		{488A8BAB-1D40-4929-9507-1632022006E3}.Release|Any CPU.ActiveCfg = Release|Any CPU
		{488A8BAB-1D40-4929-9507-1632022006E3}.Release|Any CPU.Build.0 = Release|Any CPU
		{5E2304AA-A2F3-41B9-822F-7B2BF6D33E31}.Debug|Any CPU.ActiveCfg = Debug|Any CPU
		{5E2304AA-A2F3-41B9-822F-7B2BF6D33E31}.Debug|Any CPU.Build.0 = Debug|Any CPU
		{5E2304AA-A2F3-41B9-822F-7B2BF6D33E31}.Release|Any CPU.ActiveCfg = Release|Any CPU
		{5E2304AA-A2F3-41B9-822F-7B2BF6D33E31}.Release|Any CPU.Build.0 = Release|Any CPU
	EndGlobalSection
	GlobalSection(SolutionProperties) = preSolution
		HideSolutionNode = FALSE
	EndGlobalSection
	GlobalSection(ExtensibilityGlobals) = postSolution
		SolutionGuid = {3A861D5D-0187-4444-B57D-9DEA34BDA08A}
	EndGlobalSection
EndGlobal
